
Microsoft Visual Studio Solution File, Format Version 12.00
# Visual Studio Version 17
VisualStudioVersion = 17.11.35327.3
MinimumVisualStudioVersion = 10.0.40219.1
Project("{FAE04EC0-301F-11D3-BF4B-00C04F79EFBC}") = "PruebaTecniScan", "PruebaTecniScan\PruebaTecniScan.csproj", "{864F4EC2-3CAD-4F5D-BBAB-EC7497FDAEC9}"
EndProject
Global
	GlobalSection(SolutionConfigurationPlatforms) = preSolution
		Debug|Any CPU = Debug|Any CPU
		Release|Any CPU = Release|Any CPU
	EndGlobalSection
	GlobalSection(ProjectConfigurationPlatforms) = postSolution
		{864F4EC2-3CAD-4F5D-BBAB-EC7497FDAEC9}.Debug|Any CPU.ActiveCfg = Debug|Any CPU
		{864F4EC2-3CAD-4F5D-BBAB-EC7497FDAEC9}.Debug|Any CPU.Build.0 = Debug|Any CPU
		{864F4EC2-3CAD-4F5D-BBAB-EC7497FDAEC9}.Release|Any CPU.ActiveCfg = Release|Any CPU
		{864F4EC2-3CAD-4F5D-BBAB-EC7497FDAEC9}.Release|Any CPU.Build.0 = Release|Any CPU
	EndGlobalSection
	GlobalSection(SolutionProperties) = preSolution
		HideSolutionNode = FALSE
	EndGlobalSection
	GlobalSection(ExtensibilityGlobals) = postSolution
		SolutionGuid = {DF304B74-3375-4FC6-8CFB-6F2F36259133}
	EndGlobalSection
EndGlobal
